
Microsoft Visual Studio Solution File, Format Version 12.00
# Visual Studio Version 17
VisualStudioVersion = 17.8.34408.163
MinimumVisualStudioVersion = 10.0.40219.1
Project("{FAE04EC0-301F-11D3-BF4B-00C04F79EFBC}") = "modul6_1302223127", "modul6_1302223127\modul6_1302223127.csproj", "{D804D3A8-B103-4B91-8763-791885DA10CD}"
EndProject
Global
	GlobalSection(SolutionConfigurationPlatforms) = preSolution
		Debug|Any CPU = Debug|Any CPU
		Release|Any CPU = Release|Any CPU
	EndGlobalSection
	GlobalSection(ProjectConfigurationPlatforms) = postSolution
		{D804D3A8-B103-4B91-8763-791885DA10CD}.Debug|Any CPU.ActiveCfg = Debug|Any CPU
		{D804D3A8-B103-4B91-8763-791885DA10CD}.Debug|Any CPU.Build.0 = Debug|Any CPU
		{D804D3A8-B103-4B91-8763-791885DA10CD}.Release|Any CPU.ActiveCfg = Release|Any CPU
		{D804D3A8-B103-4B91-8763-791885DA10CD}.Release|Any CPU.Build.0 = Release|Any CPU
	EndGlobalSection
	GlobalSection(SolutionProperties) = preSolution
		HideSolutionNode = FALSE
	EndGlobalSection
	GlobalSection(ExtensibilityGlobals) = postSolution
		SolutionGuid = {89E405A9-238E-459F-B555-3474DAE2FA84}
	EndGlobalSection
EndGlobal
